
Microsoft Visual Studio Solution File, Format Version 12.00
# Visual Studio Version 17
VisualStudioVersion = 17.8.34316.72
MinimumVisualStudioVersion = 10.0.40219.1
Project("{FAE04EC0-301F-11D3-BF4B-00C04F79EFBC}") = "Services", "Services\Services.csproj", "{409677D4-A7F3-4318-B346-9A6BA7292088}"
EndProject
Global
	GlobalSection(SolutionConfigurationPlatforms) = preSolution
		Debug|Any CPU = Debug|Any CPU
		Release|Any CPU = Release|Any CPU
	EndGlobalSection
	GlobalSection(ProjectConfigurationPlatforms) = postSolution
		{409677D4-A7F3-4318-B346-9A6BA7292088}.Debug|Any CPU.ActiveCfg = Debug|Any CPU
		{409677D4-A7F3-4318-B346-9A6BA7292088}.Debug|Any CPU.Build.0 = Debug|Any CPU
		{409677D4-A7F3-4318-B346-9A6BA7292088}.Release|Any CPU.ActiveCfg = Release|Any CPU
		{409677D4-A7F3-4318-B346-9A6BA7292088}.Release|Any CPU.Build.0 = Release|Any CPU
	EndGlobalSection
	GlobalSection(SolutionProperties) = preSolution
		HideSolutionNode = FALSE
	EndGlobalSection
	GlobalSection(ExtensibilityGlobals) = postSolution
		SolutionGuid = {7EC4D2F4-D44A-4970-8562-A6B089739F82}
	EndGlobalSection
EndGlobal
